
Microsoft Visual Studio Solution File, Format Version 12.00
# Visual Studio Version 16
VisualStudioVersion = 16.0.29920.165
MinimumVisualStudioVersion = 10.0.40219.1
Project("{FAE04EC0-301F-11D3-BF4B-00C04F79EFBC}") = "jeopardy", "jeopardy\jeopardy.csproj", "{CA726F1D-350B-4691-8629-E607560FCC00}"
EndProject
Global
	GlobalSection(SolutionConfigurationPlatforms) = preSolution
		Debug|Any CPU = Debug|Any CPU
		Release|Any CPU = Release|Any CPU
	EndGlobalSection
	GlobalSection(ProjectConfigurationPlatforms) = postSolution
		{CA726F1D-350B-4691-8629-E607560FCC00}.Debug|Any CPU.ActiveCfg = Debug|Any CPU
		{CA726F1D-350B-4691-8629-E607560FCC00}.Debug|Any CPU.Build.0 = Debug|Any CPU
		{CA726F1D-350B-4691-8629-E607560FCC00}.Release|Any CPU.ActiveCfg = Release|Any CPU
		{CA726F1D-350B-4691-8629-E607560FCC00}.Release|Any CPU.Build.0 = Release|Any CPU
	EndGlobalSection
	GlobalSection(SolutionProperties) = preSolution
		HideSolutionNode = FALSE
	EndGlobalSection
	GlobalSection(ExtensibilityGlobals) = postSolution
		SolutionGuid = {8F298B1F-9F34-4797-9165-25ACBB3CB115}
	EndGlobalSection
EndGlobal
